
Microsoft Visual Studio Solution File, Format Version 12.00
# Visual Studio 15
VisualStudioVersion = 15.0.27130.2026
MinimumVisualStudioVersion = 10.0.40219.1
Project("{8BC9CEB8-8B4A-11D0-8D11-00A0C91BC942}") = "AnimalCrossingChecksummer", "AnimalCrossingChecksummer\AnimalCrossingChecksummer.vcxproj", "{0A2A9B77-C061-45DC-B109-CFF53DDDF029}"
EndProject
Global
	GlobalSection(SolutionConfigurationPlatforms) = preSolution
		Debug|x64 = Debug|x64
		Debug|x86 = Debug|x86
		Release|x64 = Release|x64
		Release|x86 = Release|x86
	EndGlobalSection
	GlobalSection(ProjectConfigurationPlatforms) = postSolution
		{0A2A9B77-C061-45DC-B109-CFF53DDDF029}.Debug|x64.ActiveCfg = Debug|x64
		{0A2A9B77-C061-45DC-B109-CFF53DDDF029}.Debug|x64.Build.0 = Debug|x64
		{0A2A9B77-C061-45DC-B109-CFF53DDDF029}.Debug|x86.ActiveCfg = Debug|Win32
		{0A2A9B77-C061-45DC-B109-CFF53DDDF029}.Debug|x86.Build.0 = Debug|Win32
		{0A2A9B77-C061-45DC-B109-CFF53DDDF029}.Release|x64.ActiveCfg = Release|x64
		{0A2A9B77-C061-45DC-B109-CFF53DDDF029}.Release|x64.Build.0 = Release|x64
		{0A2A9B77-C061-45DC-B109-CFF53DDDF029}.Release|x86.ActiveCfg = Release|Win32
		{0A2A9B77-C061-45DC-B109-CFF53DDDF029}.Release|x86.Build.0 = Release|Win32
	EndGlobalSection
	GlobalSection(SolutionProperties) = preSolution
		HideSolutionNode = FALSE
	EndGlobalSection
	GlobalSection(ExtensibilityGlobals) = postSolution
		SolutionGuid = {650B5064-7A6D-42EE-BCA2-5A95A1DF5494}
	EndGlobalSection
EndGlobal
